
Microsoft Visual Studio Solution File, Format Version 12.00
# Visual Studio Version 17
VisualStudioVersion = 17.13.35731.43
MinimumVisualStudioVersion = 10.0.40219.1
Project("{FAE04EC0-301F-11D3-BF4B-00C04F79EFBC}") = "MessageApp.MassTransit.Sem", "MessageApp.MassTransit.Fah\MessageApp.MassTransit.Sem.csproj", "{D83E2B02-1C9D-4DFE-B744-F604B5E38DD5}"
EndProject
Global
	GlobalSection(SolutionConfigurationPlatforms) = preSolution
		Debug|Any CPU = Debug|Any CPU
		Release|Any CPU = Release|Any CPU
	EndGlobalSection
	GlobalSection(ProjectConfigurationPlatforms) = postSolution
		{D83E2B02-1C9D-4DFE-B744-F604B5E38DD5}.Debug|Any CPU.ActiveCfg = Debug|Any CPU
		{D83E2B02-1C9D-4DFE-B744-F604B5E38DD5}.Debug|Any CPU.Build.0 = Debug|Any CPU
		{D83E2B02-1C9D-4DFE-B744-F604B5E38DD5}.Release|Any CPU.ActiveCfg = Release|Any CPU
		{D83E2B02-1C9D-4DFE-B744-F604B5E38DD5}.Release|Any CPU.Build.0 = Release|Any CPU
	EndGlobalSection
	GlobalSection(SolutionProperties) = preSolution
		HideSolutionNode = FALSE
	EndGlobalSection
	GlobalSection(ExtensibilityGlobals) = postSolution
		SolutionGuid = {2A2464BF-5987-4E0F-9D44-D531283FE4EC}
	EndGlobalSection
EndGlobal
