
Microsoft Visual Studio Solution File, Format Version 12.00
# Visual Studio Version 17
VisualStudioVersion = 17.13.35731.43 d17.13
MinimumVisualStudioVersion = 10.0.40219.1
Project("{FAE04EC0-301F-11D3-BF4B-00C04F79EFBC}") = "DirectExchange.Publisher", "DirectExchange.Publisher\DirectExchange.Publisher.csproj", "{98C6C8EA-B87B-44A7-93D0-C1F416C51890}"
EndProject
Global
	GlobalSection(SolutionConfigurationPlatforms) = preSolution
		Debug|Any CPU = Debug|Any CPU
		Release|Any CPU = Release|Any CPU
	EndGlobalSection
	GlobalSection(ProjectConfigurationPlatforms) = postSolution
		{98C6C8EA-B87B-44A7-93D0-C1F416C51890}.Debug|Any CPU.ActiveCfg = Debug|Any CPU
		{98C6C8EA-B87B-44A7-93D0-C1F416C51890}.Debug|Any CPU.Build.0 = Debug|Any CPU
		{98C6C8EA-B87B-44A7-93D0-C1F416C51890}.Release|Any CPU.ActiveCfg = Release|Any CPU
		{98C6C8EA-B87B-44A7-93D0-C1F416C51890}.Release|Any CPU.Build.0 = Release|Any CPU
	EndGlobalSection
	GlobalSection(SolutionProperties) = preSolution
		HideSolutionNode = FALSE
	EndGlobalSection
	GlobalSection(ExtensibilityGlobals) = postSolution
		SolutionGuid = {6C3B2EDF-6392-4374-B979-B5EB9EC50F6E}
	EndGlobalSection
EndGlobal
