
Microsoft Visual Studio Solution File, Format Version 12.00
# Visual Studio Version 17
VisualStudioVersion = 17.13.35731.43 d17.13
MinimumVisualStudioVersion = 10.0.40219.1
Project("{FAE04EC0-301F-11D3-BF4B-00C04F79EFBC}") = "TopicExchange.Consumer", "TopicExchange.Consumer\TopicExchange.Consumer.csproj", "{5E27E10C-940A-4CB6-B3F9-72B556E8A527}"
EndProject
Global
	GlobalSection(SolutionConfigurationPlatforms) = preSolution
		Debug|Any CPU = Debug|Any CPU
		Release|Any CPU = Release|Any CPU
	EndGlobalSection
	GlobalSection(ProjectConfigurationPlatforms) = postSolution
		{5E27E10C-940A-4CB6-B3F9-72B556E8A527}.Debug|Any CPU.ActiveCfg = Debug|Any CPU
		{5E27E10C-940A-4CB6-B3F9-72B556E8A527}.Debug|Any CPU.Build.0 = Debug|Any CPU
		{5E27E10C-940A-4CB6-B3F9-72B556E8A527}.Release|Any CPU.ActiveCfg = Release|Any CPU
		{5E27E10C-940A-4CB6-B3F9-72B556E8A527}.Release|Any CPU.Build.0 = Release|Any CPU
	EndGlobalSection
	GlobalSection(SolutionProperties) = preSolution
		HideSolutionNode = FALSE
	EndGlobalSection
	GlobalSection(ExtensibilityGlobals) = postSolution
		SolutionGuid = {E9739A88-6B38-4282-AC5A-4869FF3D0597}
	EndGlobalSection
EndGlobal
